uuid: 6000556a-9ea3-478e-bf3c-a64f62545482
langcode: en
status: true
dependencies:
  config:
    - field.storage.user.field_experience_points
    - field.storage.user.field_icon
    - field.storage.user.field_level
    - field.storage.user.field_primary_title
    - field.storage.user.field_secondary_title
    - flag.flag.followed
  module:
    - flag
    - user
id: leaderboard_block
label: Leaderboard
module: views
description: ''
tag: ''
base_table: users_field_data
base_field: uid
core: 8.x
display:
  default:
    display_plugin: default
    id: default
    display_title: Master
    position: 0
    display_options:
      access:
        type: perm
        options:
          perm: 'access user profiles'
      cache:
        type: tag
        options: {  }
      query:
        type: views_query
        options:
          disable_sql_rewrite: false
          distinct: false
          replica: false
          query_comment: ''
          query_tags: {  }
      exposed_form:
        type: basic
        options:
          submit_button: Apply
          reset_button: false
          reset_button_label: Reset
          exposed_sorts_label: 'Sort by'
          expose_sort_order: true
          sort_asc_label: Asc
          sort_desc_label: Desc
      pager:
        type: full
        options:
          items_per_page: 20
          offset: 0
          id: 0
          total_pages: null
          expose:
            items_per_page: false
            items_per_page_label: 'Items per page'
            items_per_page_options: '5, 10, 25, 50'
            items_per_page_options_all: false
            items_per_page_options_all_label: '- All -'
            offset: false
            offset_label: Offset
          tags:
            previous: '‹ Previous'
            next: 'Next ›'
            first: '« First'
            last: 'Last »'
          quantity: 9
      style:
        type: table
      row:
        type: fields
      fields:
        field_icon:
          id: field_icon
          table: user__field_icon
          field: field_icon
          relationship: none
          group_type: group
          admin_label: ''
          label: Icon
          exclude: false
          alter:
            alter_text: false
            text: ''
            make_link: false
            path: ''
            absolute: false
            external: false
            replace_spaces: false
            path_case: none
            trim_whitespace: false
            alt: ''
            rel: ''
            link_class: ''
            prefix: ''
            suffix: ''
            target: ''
            nl2br: false
            max_length: 0
            word_boundary: true
            ellipsis: true
            more_link: false
            more_link_text: ''
            more_link_path: ''
            strip_tags: false
            trim: false
            preserve_tags: ''
            html: false
          element_type: ''
          element_class: ''
          element_label_type: ''
          element_label_class: ''
          element_label_colon: true
          element_wrapper_type: ''
          element_wrapper_class: ''
          element_default_classes: true
          empty: ''
          hide_empty: false
          empty_zero: false
          hide_alter_empty: true
          click_sort_column: target_id
          type: entity_reference_entity_view
          settings:
            view_mode: teaser
          group_column: target_id
          group_columns: {  }
          group_rows: true
          delta_limit: 0
          delta_offset: 0
          delta_reversed: false
          delta_first_last: false
          multi_type: separator
          separator: ', '
          field_api_classes: false
          plugin_id: field
        name:
          id: name
          table: users_field_data
          field: name
          relationship: none
          group_type: group
          admin_label: ''
          label: Name
          exclude: false
          alter:
            alter_text: false
            text: ''
            make_link: false
            path: ''
            absolute: false
            external: false
            replace_spaces: false
            path_case: none
            trim_whitespace: false
            alt: ''
            rel: ''
            link_class: ''
            prefix: ''
            suffix: ''
            target: ''
            nl2br: false
            max_length: 0
            word_boundary: true
            ellipsis: true
            more_link: false
            more_link_text: ''
            more_link_path: ''
            strip_tags: false
            trim: false
            preserve_tags: ''
            html: false
          element_type: ''
          element_class: ''
          element_label_type: ''
          element_label_class: ''
          element_label_colon: true
          element_wrapper_type: ''
          element_wrapper_class: ''
          element_default_classes: true
          empty: ''
          hide_empty: false
          empty_zero: false
          hide_alter_empty: true
          click_sort_column: value
          type: user_name
          settings:
            link_to_entity: true
          group_column: value
          group_columns: {  }
          group_rows: true
          delta_limit: 0
          delta_offset: 0
          delta_reversed: false
          delta_first_last: false
          multi_type: separator
          separator: ', '
          field_api_classes: false
          entity_type: user
          entity_field: name
          plugin_id: field
        field_primary_title:
          id: field_primary_title
          table: user__field_primary_title
          field: field_primary_title
          relationship: none
          group_type: group
          admin_label: ''
          label: ''
          exclude: true
          alter:
            alter_text: false
            text: ''
            make_link: false
            path: ''
            absolute: false
            external: false
            replace_spaces: false
            path_case: none
            trim_whitespace: false
            alt: ''
            rel: ''
            link_class: ''
            prefix: ''
            suffix: ''
            target: ''
            nl2br: false
            max_length: 0
            word_boundary: true
            ellipsis: true
            more_link: false
            more_link_text: ''
            more_link_path: ''
            strip_tags: false
            trim: false
            preserve_tags: ''
            html: false
          element_type: ''
          element_class: ''
          element_label_type: ''
          element_label_class: ''
          element_label_colon: false
          element_wrapper_type: ''
          element_wrapper_class: ''
          element_default_classes: true
          empty: ''
          hide_empty: false
          empty_zero: false
          hide_alter_empty: true
          click_sort_column: target_id
          type: entity_reference_label
          settings:
            link: false
          group_column: target_id
          group_columns: {  }
          group_rows: true
          delta_limit: 0
          delta_offset: 0
          delta_reversed: false
          delta_first_last: false
          multi_type: separator
          separator: ', '
          field_api_classes: false
          plugin_id: field
        field_secondary_title:
          id: field_secondary_title
          table: user__field_secondary_title
          field: field_secondary_title
          relationship: none
          group_type: group
          admin_label: ''
          label: Title
          exclude: false
          alter:
            alter_text: true
            text: '{{ field_primary_title }} {{ field_secondary_title }}'
            make_link: false
            path: ''
            absolute: false
            external: false
            replace_spaces: false
            path_case: none
            trim_whitespace: false
            alt: ''
            rel: ''
            link_class: ''
            prefix: ''
            suffix: ''
            target: ''
            nl2br: false
            max_length: 0
            word_boundary: true
            ellipsis: true
            more_link: false
            more_link_text: ''
            more_link_path: ''
            strip_tags: false
            trim: false
            preserve_tags: ''
            html: false
          element_type: ''
          element_class: ''
          element_label_type: ''
          element_label_class: ''
          element_label_colon: false
          element_wrapper_type: ''
          element_wrapper_class: ''
          element_default_classes: true
          empty: ''
          hide_empty: false
          empty_zero: false
          hide_alter_empty: true
          click_sort_column: target_id
          type: entity_reference_label
          settings:
            link: false
          group_column: target_id
          group_columns: {  }
          group_rows: true
          delta_limit: 0
          delta_offset: 0
          delta_reversed: false
          delta_first_last: false
          multi_type: separator
          separator: ', '
          field_api_classes: false
          plugin_id: field
        field_level:
          id: field_level
          table: user__field_level
          field: field_level
          relationship: none
          group_type: group
          admin_label: ''
          label: Level
          exclude: false
          alter:
            alter_text: false
            text: ''
            make_link: false
            path: ''
            absolute: false
            external: false
            replace_spaces: false
            path_case: none
            trim_whitespace: false
            alt: ''
            rel: ''
            link_class: ''
            prefix: ''
            suffix: ''
            target: ''
            nl2br: false
            max_length: 0
            word_boundary: true
            ellipsis: true
            more_link: false
            more_link_text: ''
            more_link_path: ''
            strip_tags: false
            trim: false
            preserve_tags: ''
            html: false
          element_type: ''
          element_class: ''
          element_label_type: ''
          element_label_class: ''
          element_label_colon: true
          element_wrapper_type: ''
          element_wrapper_class: ''
          element_default_classes: true
          empty: ''
          hide_empty: false
          empty_zero: false
          hide_alter_empty: true
          click_sort_column: value
          type: number_integer
          settings:
            thousand_separator: ''
            prefix_suffix: true
          group_column: value
          group_columns: {  }
          group_rows: true
          delta_limit: 0
          delta_offset: 0
          delta_reversed: false
          delta_first_last: false
          multi_type: separator
          separator: ', '
          field_api_classes: false
          plugin_id: field
        field_experience_points:
          id: field_experience_points
          table: user__field_experience_points
          field: field_experience_points
          relationship: none
          group_type: group
          admin_label: ''
          label: 'Experience points'
          exclude: false
          alter:
            alter_text: false
            text: ''
            make_link: false
            path: ''
            absolute: false
            external: false
            replace_spaces: false
            path_case: none
            trim_whitespace: false
            alt: ''
            rel: ''
            link_class: ''
            prefix: ''
            suffix: ''
            target: ''
            nl2br: false
            max_length: 0
            word_boundary: true
            ellipsis: true
            more_link: false
            more_link_text: ''
            more_link_path: ''
            strip_tags: false
            trim: false
            preserve_tags: ''
            html: false
          element_type: ''
          element_class: ''
          element_label_type: ''
          element_label_class: ''
          element_label_colon: false
          element_wrapper_type: ''
          element_wrapper_class: ''
          element_default_classes: true
          empty: ''
          hide_empty: false
          empty_zero: false
          hide_alter_empty: true
          click_sort_column: value
          type: number_integer
          settings:
            thousand_separator: ''
            prefix_suffix: true
          group_column: value
          group_columns: {  }
          group_rows: true
          delta_limit: 0
          delta_offset: 0
          delta_reversed: false
          delta_first_last: false
          multi_type: separator
          separator: ', '
          field_api_classes: false
          plugin_id: field
      filters:
        status:
          value: '1'
          table: users_field_data
          field: status
          plugin_id: boolean
          entity_type: user
          entity_field: status
          id: status
          expose:
            operator: ''
          group: 1
      sorts:
        field_experience_points_value:
          id: field_experience_points_value
          table: user__field_experience_points
          field: field_experience_points_value
          relationship: none
          group_type: group
          admin_label: ''
          order: DESC
          exposed: false
          expose:
            label: ''
          plugin_id: standard
      title: 'Global leaderboard'
      header: {  }
      footer: {  }
      empty: {  }
      relationships: {  }
      arguments: {  }
      display_extenders: {  }
    cache_metadata:
      max-age: -1
      contexts:
        - 'languages:language_content'
        - 'languages:language_interface'
        - url.query_args
        - user.permissions
      tags:
        - 'config:field.storage.user.field_experience_points'
        - 'config:field.storage.user.field_icon'
        - 'config:field.storage.user.field_level'
        - 'config:field.storage.user.field_primary_title'
        - 'config:field.storage.user.field_secondary_title'
  block_1:
    display_plugin: block
    id: block_1
    display_title: Block
    position: 1
    display_options:
      display_extenders: {  }
    cache_metadata:
      max-age: -1
      contexts:
        - 'languages:language_content'
        - 'languages:language_interface'
        - url.query_args
        - user.permissions
      tags:
        - 'config:field.storage.user.field_experience_points'
        - 'config:field.storage.user.field_icon'
        - 'config:field.storage.user.field_level'
        - 'config:field.storage.user.field_primary_title'
        - 'config:field.storage.user.field_secondary_title'
